
Microsoft Visual Studio Solution File, Format Version 12.00
# Visual Studio Version 17
VisualStudioVersion = 17.1.32328.378
MinimumVisualStudioVersion = 10.0.40219.1
Project("{FAE04EC0-301F-11D3-BF4B-00C04F79EFBC}") = "Cw6", "Cw6\Cw6.csproj", "{C259FBB0-B633-42A6-AFBA-18068AD47D2E}"
EndProject
Global
	GlobalSection(SolutionConfigurationPlatforms) = preSolution
		Debug|Any CPU = Debug|Any CPU
		Release|Any CPU = Release|Any CPU
	EndGlobalSection
	GlobalSection(ProjectConfigurationPlatforms) = postSolution
		{C259FBB0-B633-42A6-AFBA-18068AD47D2E}.Debug|Any CPU.ActiveCfg = Debug|Any CPU
		{C259FBB0-B633-42A6-AFBA-18068AD47D2E}.Debug|Any CPU.Build.0 = Debug|Any CPU
		{C259FBB0-B633-42A6-AFBA-18068AD47D2E}.Release|Any CPU.ActiveCfg = Release|Any CPU
		{C259FBB0-B633-42A6-AFBA-18068AD47D2E}.Release|Any CPU.Build.0 = Release|Any CPU
	EndGlobalSection
	GlobalSection(SolutionProperties) = preSolution
		HideSolutionNode = FALSE
	EndGlobalSection
	GlobalSection(ExtensibilityGlobals) = postSolution
		SolutionGuid = {72D65A22-F38C-49B5-BC04-9F85712386D1}
	EndGlobalSection
EndGlobal
